
Microsoft Visual Studio Solution File, Format Version 12.00
# Visual Studio Version 17
VisualStudioVersion = 17.0.32014.148
MinimumVisualStudioVersion = 10.0.40219.1
Project("{FAE04EC0-301F-11D3-BF4B-00C04F79EFBC}") = "MapLists", "MapLists\MapLists.csproj", "{D295569B-9E7A-4DE9-917E-C0EB8AD9A197}"
EndProject
Global
	GlobalSection(SolutionConfigurationPlatforms) = preSolution
		Debug|Any CPU = Debug|Any CPU
		Release|Any CPU = Release|Any CPU
	EndGlobalSection
	GlobalSection(ProjectConfigurationPlatforms) = postSolution
		{D295569B-9E7A-4DE9-917E-C0EB8AD9A197}.Debug|Any CPU.ActiveCfg = Debug|Any CPU
		{D295569B-9E7A-4DE9-917E-C0EB8AD9A197}.Debug|Any CPU.Build.0 = Debug|Any CPU
		{D295569B-9E7A-4DE9-917E-C0EB8AD9A197}.Release|Any CPU.ActiveCfg = Release|Any CPU
		{D295569B-9E7A-4DE9-917E-C0EB8AD9A197}.Release|Any CPU.Build.0 = Release|Any CPU
	EndGlobalSection
	GlobalSection(SolutionProperties) = preSolution
		HideSolutionNode = FALSE
	EndGlobalSection
	GlobalSection(ExtensibilityGlobals) = postSolution
		SolutionGuid = {F6097EF1-C0A7-4897-9C17-037C5D38A11F}
	EndGlobalSection
EndGlobal
